{
  "requires": true,
  "lockfileVersion": 1,
  "dependencies": {
    "vue-infinite-loading": {
      "version": "2.4.4",
      "resolved": "https://registry.npmjs.org/vue-infinite-loading/-/vue-infinite-loading-2.4.4.tgz",
      "integrity": "sha512-eIFBcyKqkivtsDDq7Ee5ybDJVGLxIzU1NcBJCHG7Zx9Ic66QEGzSPs2OPJlGUdtu0/RS7KpUER35ZP/a7FdSOg=="
    },
    "vue-scroll-loader": {
      "version": "1.1.6",
      "resolved": "https://registry.npmjs.org/vue-scroll-loader/-/vue-scroll-loader-1.1.6.tgz",
      "integrity": "sha512-+uH3bfw951g4yQ63AXbhIHIgrOncFn2s6ogZU96BBxH4awDeQHTQdii2T4s29+dQDop84vZkVlr84t+7q52FfA=="
    }
  }
}
